
Microsoft Visual Studio Solution File, Format Version 12.00
# Visual Studio Version 16
VisualStudioVersion = 16.0.30309.148
MinimumVisualStudioVersion = 10.0.40219.1
Project("{9A19103F-16F7-4668-BE54-9A1E7A4F7556}") = "RegexExample", "RegexExample\RegexExample.csproj", "{4AB5D6E3-16B1-44A6-99BB-76DFCA4C9FE0}"
EndProject
Project("{9A19103F-16F7-4668-BE54-9A1E7A4F7556}") = "AZS", "AZS\AZS.csproj", "{DF4A64A0-2A6D-421F-9BA5-081D505C0242}"
EndProject
Project("{9A19103F-16F7-4668-BE54-9A1E7A4F7556}") = "Triplet", "Triplet\Triplet.csproj", "{F7772F20-3C60-48F6-836F-90D650EEDC5C}"
EndProject
Project("{FAE04EC0-301F-11D3-BF4B-00C04F79EFBC}") = "FiguresAreas", "FiguresSquares\FiguresAreas.csproj", "{C55E6FBC-742D-48C4-B7CA-4C2105812ABB}"
EndProject
Project("{FAE04EC0-301F-11D3-BF4B-00C04F79EFBC}") = "FiguresAreasLib", "FiguresSquaresLib\FiguresAreasLib.csproj", "{E4DF0545-043C-41AB-8FA2-C5350DEC76AA}"
EndProject
Project("{FAE04EC0-301F-11D3-BF4B-00C04F79EFBC}") = "FiguresAreasTest", "FiguresAreasTest\FiguresAreasTest.csproj", "{084CE849-9CBE-44B5-AB68-D53B307EC6C9}"
EndProject
Global
	GlobalSection(SolutionConfigurationPlatforms) = preSolution
		Debug|Any CPU = Debug|Any CPU
		Release|Any CPU = Release|Any CPU
	EndGlobalSection
	GlobalSection(ProjectConfigurationPlatforms) = postSolution
		{4AB5D6E3-16B1-44A6-99BB-76DFCA4C9FE0}.Debug|Any CPU.ActiveCfg = Debug|Any CPU
		{4AB5D6E3-16B1-44A6-99BB-76DFCA4C9FE0}.Debug|Any CPU.Build.0 = Debug|Any CPU
		{4AB5D6E3-16B1-44A6-99BB-76DFCA4C9FE0}.Release|Any CPU.ActiveCfg = Release|Any CPU
		{4AB5D6E3-16B1-44A6-99BB-76DFCA4C9FE0}.Release|Any CPU.Build.0 = Release|Any CPU
		{DF4A64A0-2A6D-421F-9BA5-081D505C0242}.Debug|Any CPU.ActiveCfg = Debug|Any CPU
		{DF4A64A0-2A6D-421F-9BA5-081D505C0242}.Debug|Any CPU.Build.0 = Debug|Any CPU
		{DF4A64A0-2A6D-421F-9BA5-081D505C0242}.Release|Any CPU.ActiveCfg = Release|Any CPU
		{DF4A64A0-2A6D-421F-9BA5-081D505C0242}.Release|Any CPU.Build.0 = Release|Any CPU
		{F7772F20-3C60-48F6-836F-90D650EEDC5C}.Debug|Any CPU.ActiveCfg = Debug|Any CPU
		{F7772F20-3C60-48F6-836F-90D650EEDC5C}.Debug|Any CPU.Build.0 = Debug|Any CPU
		{F7772F20-3C60-48F6-836F-90D650EEDC5C}.Release|Any CPU.ActiveCfg = Release|Any CPU
		{F7772F20-3C60-48F6-836F-90D650EEDC5C}.Release|Any CPU.Build.0 = Release|Any CPU
		{C55E6FBC-742D-48C4-B7CA-4C2105812ABB}.Debug|Any CPU.ActiveCfg = Debug|Any CPU
		{C55E6FBC-742D-48C4-B7CA-4C2105812ABB}.Debug|Any CPU.Build.0 = Debug|Any CPU
		{C55E6FBC-742D-48C4-B7CA-4C2105812ABB}.Release|Any CPU.ActiveCfg = Release|Any CPU
		{C55E6FBC-742D-48C4-B7CA-4C2105812ABB}.Release|Any CPU.Build.0 = Release|Any CPU
		{E4DF0545-043C-41AB-8FA2-C5350DEC76AA}.Debug|Any CPU.ActiveCfg = Debug|Any CPU
		{E4DF0545-043C-41AB-8FA2-C5350DEC76AA}.Debug|Any CPU.Build.0 = Debug|Any CPU
		{E4DF0545-043C-41AB-8FA2-C5350DEC76AA}.Release|Any CPU.ActiveCfg = Release|Any CPU
		{E4DF0545-043C-41AB-8FA2-C5350DEC76AA}.Release|Any CPU.Build.0 = Release|Any CPU
		{084CE849-9CBE-44B5-AB68-D53B307EC6C9}.Debug|Any CPU.ActiveCfg = Debug|Any CPU
		{084CE849-9CBE-44B5-AB68-D53B307EC6C9}.Debug|Any CPU.Build.0 = Debug|Any CPU
		{084CE849-9CBE-44B5-AB68-D53B307EC6C9}.Release|Any CPU.ActiveCfg = Release|Any CPU
		{084CE849-9CBE-44B5-AB68-D53B307EC6C9}.Release|Any CPU.Build.0 = Release|Any CPU
	EndGlobalSection
	GlobalSection(SolutionProperties) = preSolution
		HideSolutionNode = FALSE
	EndGlobalSection
	GlobalSection(ExtensibilityGlobals) = postSolution
		SolutionGuid = {B0D8572C-4FFA-4520-BA64-0C83D9284D09}
	EndGlobalSection
EndGlobal
